// !$*UTF8*$!
{
	archiveVersion = 1;
	classes = {
	};
	objectVersion = 55;
	objects = {

/* Begin PBXBuildFile section */
		A41189FB2883DAB600E804B0 /* SignUpValidator.swift in Sources */ = {isa = PBXBuildFile; fileRef = A41189FA2883DAB600E804B0 /* SignUpValidator.swift */; };
		A41189FD2883DB0B00E804B0 /* SignUpRepository.swift in Sources */ = {isa = PBXBuildFile; fileRef = A41189FC2883DB0B00E804B0 /* SignUpRepository.swift */; };
		A4118A022883DD2A00E804B0 /* CurrentUser.swift in Sources */ = {isa = PBXBuildFile; fileRef = A4118A012883DD2A00E804B0 /* CurrentUser.swift */; };
		A4118A042883DE0D00E804B0 /* ActivityIndicator.swift in Sources */ = {isa = PBXBuildFile; fileRef = A4118A032883DE0D00E804B0 /* ActivityIndicator.swift */; };
		A4118A062883DE4700E804B0 /* ErrorDialogEnable.swift in Sources */ = {isa = PBXBuildFile; fileRef = A4118A052883DE4700E804B0 /* ErrorDialogEnable.swift */; };
		A4118A082883DE7500E804B0 /* ProgressHudEnable.swift in Sources */ = {isa = PBXBuildFile; fileRef = A4118A072883DE7500E804B0 /* ProgressHudEnable.swift */; };
		A4118A0A2883DE9C00E804B0 /* ValidationResult.swift in Sources */ = {isa = PBXBuildFile; fileRef = A4118A092883DE9C00E804B0 /* ValidationResult.swift */; };
		A4118A0D2883E18400E804B0 /* JGProgressHUD in Frameworks */ = {isa = PBXBuildFile; productRef = A4118A0C2883E18400E804B0 /* JGProgressHUD */; };
		A4118A1028855CFE00E804B0 /* BaseViewController.swift in Sources */ = {isa = PBXBuildFile; fileRef = A4118A0F28855CFE00E804B0 /* BaseViewController.swift */; };
		A4118A1228855D2400E804B0 /* Base.storyboard in Resources */ = {isa = PBXBuildFile; fileRef = A4118A1128855D2400E804B0 /* Base.storyboard */; };
		A4118A14288567E200E804B0 /* TimerViewController.swift in Sources */ = {isa = PBXBuildFile; fileRef = A4118A13288567E200E804B0 /* TimerViewController.swift */; };
		A4118A162885681200E804B0 /* Timer.storyboard in Resources */ = {isa = PBXBuildFile; fileRef = A4118A152885681200E804B0 /* Timer.storyboard */; };
		A4118A292885B14100E804B0 /* FirebaseAuth in Frameworks */ = {isa = PBXBuildFile; productRef = A4118A282885B14100E804B0 /* FirebaseAuth */; };
		A4118A2B2885B14100E804B0 /* FirebaseDatabase in Frameworks */ = {isa = PBXBuildFile; productRef = A4118A2A2885B14100E804B0 /* FirebaseDatabase */; };
		A4118A2D2885B14100E804B0 /* FirebaseFirestore in Frameworks */ = {isa = PBXBuildFile; productRef = A4118A2C2885B14100E804B0 /* FirebaseFirestore */; };
		A4118A302885B22E00E804B0 /* FirebaseAuthUI in Frameworks */ = {isa = PBXBuildFile; productRef = A4118A2F2885B22E00E804B0 /* FirebaseAuthUI */; };
		A4118A322885B22E00E804B0 /* FirebaseEmailAuthUI in Frameworks */ = {isa = PBXBuildFile; productRef = A4118A312885B22E00E804B0 /* FirebaseEmailAuthUI */; };
		A4118A342886A3AE00E804B0 /* TimerState.swift in Sources */ = {isa = PBXBuildFile; fileRef = A4118A332886A3AE00E804B0 /* TimerState.swift */; };
		A4118A362886A54800E804B0 /* UserDefaultsUtility.swift in Sources */ = {isa = PBXBuildFile; fileRef = A4118A352886A54800E804B0 /* UserDefaultsUtility.swift */; };
		A44B7D3928978F9F0014AAA4 /* UIView+.swift in Sources */ = {isa = PBXBuildFile; fileRef = A44B7D3828978F9F0014AAA4 /* UIView+.swift */; };
		A45A8FF52897963700B986D2 /* IQKeyboardManagerSwift in Frameworks */ = {isa = PBXBuildFile; productRef = A45A8FF42897963700B986D2 /* IQKeyboardManagerSwift */; };
		A4C5C9FC2893AC8A00D5AC72 /* TabBarController.swift in Sources */ = {isa = PBXBuildFile; fileRef = A4C5C9FB2893AC8A00D5AC72 /* TabBarController.swift */; };
		A4C5C9FE2893B0F000D5AC72 /* TabBar.storyboard in Resources */ = {isa = PBXBuildFile; fileRef = A4C5C9FD2893B0F000D5AC72 /* TabBar.storyboard */; };
		A4D303F828729629006DBDA8 /* AppDelegate.swift in Sources */ = {isa = PBXBuildFile; fileRef = A4D303F728729629006DBDA8 /* AppDelegate.swift */; };
		A4D303FA28729629006DBDA8 /* SceneDelegate.swift in Sources */ = {isa = PBXBuildFile; fileRef = A4D303F928729629006DBDA8 /* SceneDelegate.swift */; };
		A4D304012872962E006DBDA8 /* Assets.xcassets in Resources */ = {isa = PBXBuildFile; fileRef = A4D304002872962E006DBDA8 /* Assets.xcassets */; };
		A4D304042872962E006DBDA8 /* LaunchScreen.storyboard in Resources */ = {isa = PBXBuildFile; fileRef = A4D304022872962E006DBDA8 /* LaunchScreen.storyboard */; };
		A4D3040F2872962F006DBDA8 /* RxSwiftAPISampleTests.swift in Sources */ = {isa = PBXBuildFile; fileRef = A4D3040E2872962F006DBDA8 /* RxSwiftAPISampleTests.swift */; };
		A4D304192872962F006DBDA8 /* RxSwiftAPISampleUITests.swift in Sources */ = {isa = PBXBuildFile; fileRef = A4D304182872962F006DBDA8 /* RxSwiftAPISampleUITests.swift */; };
		A4D3041B2872962F006DBDA8 /* RxSwiftAPISampleUITestsLaunchTests.swift in Sources */ = {isa = PBXBuildFile; fileRef = A4D3041A2872962F006DBDA8 /* RxSwiftAPISampleUITestsLaunchTests.swift */; };
		A4D3043028758DF5006DBDA8 /* GoogleService-Info.plist in Resources */ = {isa = PBXBuildFile; fileRef = A4D3042F28758DF5006DBDA8 /* GoogleService-Info.plist */; };
		A4D304372876B47E006DBDA8 /* SignUpViewController.swift in Sources */ = {isa = PBXBuildFile; fileRef = A4D304362876B47E006DBDA8 /* SignUpViewController.swift */; };
		A4D304392876B491006DBDA8 /* SignUp.storyboard in Resources */ = {isa = PBXBuildFile; fileRef = A4D304382876B491006DBDA8 /* SignUp.storyboard */; };
		A4D3043B2876B5DD006DBDA8 /* SignUpViewModel.swift in Sources */ = {isa = PBXBuildFile; fileRef = A4D3043A2876B5DD006DBDA8 /* SignUpViewModel.swift */; };
		A4D304402876B6A4006DBDA8 /* Router.swift in Sources */ = {isa = PBXBuildFile; fileRef = A4D3043F2876B6A4006DBDA8 /* Router.swift */; };
		A4D304432876F0E6006DBDA8 /* RxCocoa in Frameworks */ = {isa = PBXBuildFile; productRef = A4D304422876F0E6006DBDA8 /* RxCocoa */; };
		A4D304452876F0E6006DBDA8 /* RxRelay in Frameworks */ = {isa = PBXBuildFile; productRef = A4D304442876F0E6006DBDA8 /* RxRelay */; };
		A4D3044928791FAB006DBDA8 /* String+.swift in Sources */ = {isa = PBXBuildFile; fileRef = A4D3044828791FAB006DBDA8 /* String+.swift */; };
		A4D3044C28792F26006DBDA8 /* RxOptional in Frameworks */ = {isa = PBXBuildFile; productRef = A4D3044B28792F26006DBDA8 /* RxOptional */; };
		A4D3044E2879331D006DBDA8 /* ValidationResult+.swift in Sources */ = {isa = PBXBuildFile; fileRef = A4D3044D2879331D006DBDA8 /* ValidationResult+.swift */; };
		A4DBD91D288AA42D006E67BD /* ReportList.storyboard in Resources */ = {isa = PBXBuildFile; fileRef = A4DBD91C288AA42D006E67BD /* ReportList.storyboard */; };
		A4DBD91F288AA6B8006E67BD /* NSObject+.swift in Sources */ = {isa = PBXBuildFile; fileRef = A4DBD91E288AA6B8006E67BD /* NSObject+.swift */; };
		A4DBD921288AA6F6006E67BD /* TableViewCell+.swift in Sources */ = {isa = PBXBuildFile; fileRef = A4DBD920288AA6F6006E67BD /* TableViewCell+.swift */; };
		A4DBD923288AA70A006E67BD /* TableView+.swift in Sources */ = {isa = PBXBuildFile; fileRef = A4DBD922288AA70A006E67BD /* TableView+.swift */; };
		A4DBD929288BCFA6006E67BD /* ReportListCell.xib in Resources */ = {isa = PBXBuildFile; fileRef = A4DBD927288BCFA6006E67BD /* ReportListCell.xib */; };
		A4DBD92C288D533F006E67BD /* PostViewController.swift in Sources */ = {isa = PBXBuildFile; fileRef = A4DBD92A288D533F006E67BD /* PostViewController.swift */; };
		A4DBD92F288D5377006E67BD /* Post.storyboard in Resources */ = {isa = PBXBuildFile; fileRef = A4DBD92E288D5377006E67BD /* Post.storyboard */; };
		A4F1F4462889901D0006441C /* Report.swift in Sources */ = {isa = PBXBuildFile; fileRef = A4F1F4452889901D0006441C /* Report.swift */; };
		A4F1F448288990430006441C /* ReportListener.swift in Sources */ = {isa = PBXBuildFile; fileRef = A4F1F447288990430006441C /* ReportListener.swift */; };
		A4F1F44A288990660006441C /* PostRepository.swift in Sources */ = {isa = PBXBuildFile; fileRef = A4F1F449288990660006441C /* PostRepository.swift */; };
		A4F1F44C288990BE0006441C /* ReportListViewModel.swift in Sources */ = {isa = PBXBuildFile; fileRef = A4F1F44B288990BE0006441C /* ReportListViewModel.swift */; };
		A4F1F44E288991B00006441C /* PostViewModel.swift in Sources */ = {isa = PBXBuildFile; fileRef = A4F1F44D288991B00006441C /* PostViewModel.swift */; };
		A4F1F4522889920A0006441C /* ReportListCell.swift in Sources */ = {isa = PBXBuildFile; fileRef = A4F1F4512889920A0006441C /* ReportListCell.swift */; };
		A4F1F454288992310006441C /* ReportListViewController.swift in Sources */ = {isa = PBXBuildFile; fileRef = A4F1F453288992310006441C /* ReportListViewController.swift */; };
/* End PBXBuildFile section */

/* Begin PBXContainerItemProxy section */
		A4D3040B2872962F006DBDA8 /* PBXContainerItemProxy */ = {
			isa = PBXContainerItemProxy;
			containerPortal = A4D303EC28729629006DBDA8 /* Project object */;
			proxyType = 1;
			remoteGlobalIDString = A4D303F328729629006DBDA8;
			remoteInfo = RxSwiftAPISample;
		};
		A4D304152872962F006DBDA8 /* PBXContainerItemProxy */ = {
			isa = PBXContainerItemProxy;
			containerPortal = A4D303EC28729629006DBDA8 /* Project object */;
			proxyType = 1;
			remoteGlobalIDString = A4D303F328729629006DBDA8;
			remoteInfo = RxSwiftAPISample;
		};
/* End PBXContainerItemProxy section */

/* Begin PBXFileReference section */
		A41189FA2883DAB600E804B0 /* SignUpValidator.swift */ = {isa = PBXFileReference; lastKnownFileType = sourcecode.swift; path = SignUpValidator.swift; sourceTree = "<group>"; };
		A41189FC2883DB0B00E804B0 /* SignUpRepository.swift */ = {isa = PBXFileReference; lastKnownFileType = sourcecode.swift; path = SignUpRepository.swift; sourceTree = "<group>"; };
		A4118A012883DD2A00E804B0 /* CurrentUser.swift */ = {isa = PBXFileReference; lastKnownFileType = sourcecode.swift; path = CurrentUser.swift; sourceTree = "<group>"; };
		A4118A032883DE0D00E804B0 /* ActivityIndicator.swift */ = {isa = PBXFileReference; lastKnownFileType = sourcecode.swift; path = ActivityIndicator.swift; sourceTree = "<group>"; };
		A4118A052883DE4700E804B0 /* ErrorDialogEnable.swift */ = {isa = PBXFileReference; lastKnownFileType = sourcecode.swift; path = ErrorDialogEnable.swift; sourceTree = "<group>"; };
		A4118A072883DE7500E804B0 /* ProgressHudEnable.swift */ = {isa = PBXFileReference; lastKnownFileType = sourcecode.swift; path = ProgressHudEnable.swift; sourceTree = "<group>"; };
		A4118A092883DE9C00E804B0 /* ValidationResult.swift */ = {isa = PBXFileReference; lastKnownFileType = sourcecode.swift; path = ValidationResult.swift; sourceTree = "<group>"; };
		A4118A0F28855CFE00E804B0 /* BaseViewController.swift */ = {isa = PBXFileReference; lastKnownFileType = sourcecode.swift; path = BaseViewController.swift; sourceTree = "<group>"; };
		A4118A1128855D2400E804B0 /* Base.storyboard */ = {isa = PBXFileReference; lastKnownFileType = file.storyboard; path = Base.storyboard; sourceTree = "<group>"; };
		A4118A13288567E200E804B0 /* TimerViewController.swift */ = {isa = PBXFileReference; lastKnownFileType = sourcecode.swift; path = TimerViewController.swift; sourceTree = "<group>"; };
		A4118A152885681200E804B0 /* Timer.storyboard */ = {isa = PBXFileReference; lastKnownFileType = file.storyboard; path = Timer.storyboard; sourceTree = "<group>"; };
		A4118A332886A3AE00E804B0 /* TimerState.swift */ = {isa = PBXFileReference; lastKnownFileType = sourcecode.swift; path = TimerState.swift; sourceTree = "<group>"; };
		A4118A352886A54800E804B0 /* UserDefaultsUtility.swift */ = {isa = PBXFileReference; lastKnownFileType = sourcecode.swift; path = UserDefaultsUtility.swift; sourceTree = "<group>"; };
		A44B7D3828978F9F0014AAA4 /* UIView+.swift */ = {isa = PBXFileReference; lastKnownFileType = sourcecode.swift; path = "UIView+.swift"; sourceTree = "<group>"; };
		A4C5C9FB2893AC8A00D5AC72 /* TabBarController.swift */ = {isa = PBXFileReference; lastKnownFileType = sourcecode.swift; path = TabBarController.swift; sourceTree = "<group>"; };
		A4C5C9FD2893B0F000D5AC72 /* TabBar.storyboard */ = {isa = PBXFileReference; lastKnownFileType = file.storyboard; path = TabBar.storyboard; sourceTree = "<group>"; };
		A4D303F428729629006DBDA8 /* RxSwiftAPISample.app */ = {isa = PBXFileReference; explicitFileType = wrapper.application; includeInIndex = 0; path = RxSwiftAPISample.app; sourceTree = BUILT_PRODUCTS_DIR; };
		A4D303F728729629006DBDA8 /* AppDelegate.swift */ = {isa = PBXFileReference; lastKnownFileType = sourcecode.swift; path = AppDelegate.swift; sourceTree = "<group>"; };
		A4D303F928729629006DBDA8 /* SceneDelegate.swift */ = {isa = PBXFileReference; lastKnownFileType = sourcecode.swift; path = SceneDelegate.swift; sourceTree = "<group>"; };
		A4D304002872962E006DBDA8 /* Assets.xcassets */ = {isa = PBXFileReference; lastKnownFileType = folder.assetcatalog; path = Assets.xcassets; sourceTree = "<group>"; };
		A4D304032872962E006DBDA8 /* Base */ = {isa = PBXFileReference; lastKnownFileType = file.storyboard; name = Base; path = Base.lproj/LaunchScreen.storyboard; sourceTree = "<group>"; };
		A4D304052872962E006DBDA8 /* Info.plist */ = {isa = PBXFileReference; lastKnownFileType = text.plist.xml; path = Info.plist; sourceTree = "<group>"; };
		A4D3040A2872962F006DBDA8 /* RxSwiftAPISampleTests.xctest */ = {isa = PBXFileReference; explicitFileType = wrapper.cfbundle; includeInIndex = 0; path = RxSwiftAPISampleTests.xctest; sourceTree = BUILT_PRODUCTS_DIR; };
		A4D3040E2872962F006DBDA8 /* RxSwiftAPISampleTests.swift */ = {isa = PBXFileReference; lastKnownFileType = sourcecode.swift; path = RxSwiftAPISampleTests.swift; sourceTree = "<group>"; };
		A4D304142872962F006DBDA8 /* RxSwiftAPISampleUITests.xctest */ = {isa = PBXFileReference; explicitFileType = wrapper.cfbundle; includeInIndex = 0; path = RxSwiftAPISampleUITests.xctest; sourceTree = BUILT_PRODUCTS_DIR; };
		A4D304182872962F006DBDA8 /* RxSwiftAPISampleUITests.swift */ = {isa = PBXFileReference; lastKnownFileType = sourcecode.swift; path = RxSwiftAPISampleUITests.swift; sourceTree = "<group>"; };
		A4D3041A2872962F006DBDA8 /* RxSwiftAPISampleUITestsLaunchTests.swift */ = {isa = PBXFileReference; lastKnownFileType = sourcecode.swift; path = RxSwiftAPISampleUITestsLaunchTests.swift; sourceTree = "<group>"; };
		A4D3042F28758DF5006DBDA8 /* GoogleService-Info.plist */ = {isa = PBXFileReference; fileEncoding = 4; lastKnownFileType = text.plist.xml; path = "GoogleService-Info.plist"; sourceTree = "<group>"; };
		A4D304362876B47E006DBDA8 /* SignUpViewController.swift */ = {isa = PBXFileReference; lastKnownFileType = sourcecode.swift; path = SignUpViewController.swift; sourceTree = "<group>"; };
		A4D304382876B491006DBDA8 /* SignUp.storyboard */ = {isa = PBXFileReference; lastKnownFileType = file.storyboard; path = SignUp.storyboard; sourceTree = "<group>"; };
		A4D3043A2876B5DD006DBDA8 /* SignUpViewModel.swift */ = {isa = PBXFileReference; lastKnownFileType = sourcecode.swift; path = SignUpViewModel.swift; sourceTree = "<group>"; };
		A4D3043F2876B6A4006DBDA8 /* Router.swift */ = {isa = PBXFileReference; lastKnownFileType = sourcecode.swift; path = Router.swift; sourceTree = "<group>"; };
		A4D3044828791FAB006DBDA8 /* String+.swift */ = {isa = PBXFileReference; lastKnownFileType = sourcecode.swift; path = "String+.swift"; sourceTree = "<group>"; };
		A4D3044D2879331D006DBDA8 /* ValidationResult+.swift */ = {isa = PBXFileReference; lastKnownFileType = sourcecode.swift; path = "ValidationResult+.swift"; sourceTree = "<group>"; };
		A4DBD91C288AA42D006E67BD /* ReportList.storyboard */ = {isa = PBXFileReference; lastKnownFileType = file.storyboard; path = ReportList.storyboard; sourceTree = "<group>"; };
		A4DBD91E288AA6B8006E67BD /* NSObject+.swift */ = {isa = PBXFileReference; lastKnownFileType = sourcecode.swift; path = "NSObject+.swift"; sourceTree = "<group>"; };
		A4DBD920288AA6F6006E67BD /* TableViewCell+.swift */ = {isa = PBXFileReference; lastKnownFileType = sourcecode.swift; path = "TableViewCell+.swift"; sourceTree = "<group>"; };
		A4DBD922288AA70A006E67BD /* TableView+.swift */ = {isa = PBXFileReference; lastKnownFileType = sourcecode.swift; path = "TableView+.swift"; sourceTree = "<group>"; };
		A4DBD927288BCFA6006E67BD /* ReportListCell.xib */ = {isa = PBXFileReference; lastKnownFileType = file.xib; path = ReportListCell.xib; sourceTree = "<group>"; };
		A4DBD92A288D533F006E67BD /* PostViewController.swift */ = {isa = PBXFileReference; lastKnownFileType = sourcecode.swift; path = PostViewController.swift; sourceTree = "<group>"; };
		A4DBD92E288D5377006E67BD /* Post.storyboard */ = {isa = PBXFileReference; lastKnownFileType = file.storyboard; path = Post.storyboard; sourceTree = "<group>"; };
		A4F1F4452889901D0006441C /* Report.swift */ = {isa = PBXFileReference; lastKnownFileType = sourcecode.swift; path = Report.swift; sourceTree = "<group>"; };
		A4F1F447288990430006441C /* ReportListener.swift */ = {isa = PBXFileReference; lastKnownFileType = sourcecode.swift; path = ReportListener.swift; sourceTree = "<group>"; };
		A4F1F449288990660006441C /* PostRepository.swift */ = {isa = PBXFileReference; lastKnownFileType = sourcecode.swift; path = PostRepository.swift; sourceTree = "<group>"; };
		A4F1F44B288990BE0006441C /* ReportListViewModel.swift */ = {isa = PBXFileReference; lastKnownFileType = sourcecode.swift; path = ReportListViewModel.swift; sourceTree = "<group>"; };
		A4F1F44D288991B00006441C /* PostViewModel.swift */ = {isa = PBXFileReference; lastKnownFileType = sourcecode.swift; path = PostViewModel.swift; sourceTree = "<group>"; };
		A4F1F4512889920A0006441C /* ReportListCell.swift */ = {isa = PBXFileReference; lastKnownFileType = sourcecode.swift; path = ReportListCell.swift; sourceTree = "<group>"; };
		A4F1F453288992310006441C /* ReportListViewController.swift */ = {isa = PBXFileReference; lastKnownFileType = sourcecode.swift; path = ReportListViewController.swift; sourceTree = "<group>"; };
/* End PBXFileReference section */

/* Begin PBXFrameworksBuildPhase section */
		A4D303F128729629006DBDA8 /* Frameworks */ = {
			isa = PBXFrameworksBuildPhase;
			buildActionMask = 2147483647;
			files = (
				A4118A2B2885B14100E804B0 /* FirebaseDatabase in Frameworks */,
				A4D304452876F0E6006DBDA8 /* RxRelay in Frameworks */,
				A4118A292885B14100E804B0 /* FirebaseAuth in Frameworks */,
				A4D304432876F0E6006DBDA8 /* RxCocoa in Frameworks */,
				A4118A0D2883E18400E804B0 /* JGProgressHUD in Frameworks */,
				A4D3044C28792F26006DBDA8 /* RxOptional in Frameworks */,
				A4118A322885B22E00E804B0 /* FirebaseEmailAuthUI in Frameworks */,
				A4118A2D2885B14100E804B0 /* FirebaseFirestore in Frameworks */,
				A4118A302885B22E00E804B0 /* FirebaseAuthUI in Frameworks */,
				A45A8FF52897963700B986D2 /* IQKeyboardManagerSwift in Frameworks */,
			);
			runOnlyForDeploymentPostprocessing = 0;
		};
		A4D304072872962F006DBDA8 /* Frameworks */ = {
			isa = PBXFrameworksBuildPhase;
			buildActionMask = 2147483647;
			files = (
			);
			runOnlyForDeploymentPostprocessing = 0;
		};
		A4D304112872962F006DBDA8 /* Frameworks */ = {
			isa = PBXFrameworksBuildPhase;
			buildActionMask = 2147483647;
			files = (
			);
			runOnlyForDeploymentPostprocessing = 0;
		};
/* End PBXFrameworksBuildPhase section */

/* Begin PBXGroup section */
		A41189E0287C2B0A00E804B0 /* Extensions */ = {
			isa = PBXGroup;
			children = (
				A4D3044828791FAB006DBDA8 /* String+.swift */,
				A4D3044D2879331D006DBDA8 /* ValidationResult+.swift */,
				A4DBD91E288AA6B8006E67BD /* NSObject+.swift */,
				A4DBD920288AA6F6006E67BD /* TableViewCell+.swift */,
				A4DBD922288AA70A006E67BD /* TableView+.swift */,
				A44B7D3828978F9F0014AAA4 /* UIView+.swift */,
			);
			path = Extensions;
			sourceTree = "<group>";
		};
		A41189E52880F82500E804B0 /* Report */ = {
			isa = PBXGroup;
			children = (
				A4DBD931288FF9AD006E67BD /* Model */,
				A4DBD932288FFA79006E67BD /* ViewModel */,
				A4DBD933288FFA9D006E67BD /* View */,
			);
			path = Report;
			sourceTree = "<group>";
		};
		A41189F5288398BD00E804B0 /* Timer */ = {
			isa = PBXGroup;
			children = (
				A4118A3B2886B94700E804B0 /* Model */,
				A4118A372886B8BA00E804B0 /* View */,
			);
			path = Timer;
			sourceTree = "<group>";
		};
		A41189F72883DA1A00E804B0 /* ViewModel */ = {
			isa = PBXGroup;
			children = (
				A4D3043A2876B5DD006DBDA8 /* SignUpViewModel.swift */,
			);
			path = ViewModel;
			sourceTree = "<group>";
		};
		A41189F82883DA2B00E804B0 /* View */ = {
			isa = PBXGroup;
			children = (
				A4D304362876B47E006DBDA8 /* SignUpViewController.swift */,
				A4D304382876B491006DBDA8 /* SignUp.storyboard */,
			);
			path = View;
			sourceTree = "<group>";
		};
		A41189F92883DA6D00E804B0 /* Model */ = {
			isa = PBXGroup;
			children = (
				A41189FA2883DAB600E804B0 /* SignUpValidator.swift */,
				A41189FC2883DB0B00E804B0 /* SignUpRepository.swift */,
				A4118A012883DD2A00E804B0 /* CurrentUser.swift */,
			);
			path = Model;
			sourceTree = "<group>";
		};
		A4118A0E28855CDE00E804B0 /* Base */ = {
			isa = PBXGroup;
			children = (
				A4118A0F28855CFE00E804B0 /* BaseViewController.swift */,
				A4118A1128855D2400E804B0 /* Base.storyboard */,
			);
			path = Base;
			sourceTree = "<group>";
		};
		A4118A372886B8BA00E804B0 /* View */ = {
			isa = PBXGroup;
			children = (
				A4118A13288567E200E804B0 /* TimerViewController.swift */,
				A4118A152885681200E804B0 /* Timer.storyboard */,
			);
			path = View;
			sourceTree = "<group>";
		};
		A4118A3B2886B94700E804B0 /* Model */ = {
			isa = PBXGroup;
			children = (
				A4118A332886A3AE00E804B0 /* TimerState.swift */,
			);
			path = Model;
			sourceTree = "<group>";
		};
		A4C5C9FF2893C67800D5AC72 /* TabBar */ = {
			isa = PBXGroup;
			children = (
				A4C5C9FB2893AC8A00D5AC72 /* TabBarController.swift */,
				A4C5C9FD2893B0F000D5AC72 /* TabBar.storyboard */,
			);
			path = TabBar;
			sourceTree = "<group>";
		};
		A4D303EB28729629006DBDA8 = {
			isa = PBXGroup;
			children = (
				A4D303F628729629006DBDA8 /* RxSwiftAPISample */,
				A4D3040D2872962F006DBDA8 /* RxSwiftAPISampleTests */,
				A4D304172872962F006DBDA8 /* RxSwiftAPISampleUITests */,
				A4D303F528729629006DBDA8 /* Products */,
			);
			sourceTree = "<group>";
		};
		A4D303F528729629006DBDA8 /* Products */ = {
			isa = PBXGroup;
			children = (
				A4D303F428729629006DBDA8 /* RxSwiftAPISample.app */,
				A4D3040A2872962F006DBDA8 /* RxSwiftAPISampleTests.xctest */,
				A4D304142872962F006DBDA8 /* RxSwiftAPISampleUITests.xctest */,
			);
			name = Products;
			sourceTree = "<group>";
		};
		A4D303F628729629006DBDA8 /* RxSwiftAPISample */ = {
			isa = PBXGroup;
			children = (
				A41189E0287C2B0A00E804B0 /* Extensions */,
				A4D304332876B3DA006DBDA8 /* SignUp */,
				A4118A0E28855CDE00E804B0 /* Base */,
				A4DBD930288DB1C9006E67BD /* Post */,
				A41189E52880F82500E804B0 /* Report */,
				A41189F5288398BD00E804B0 /* Timer */,
				A4C5C9FF2893C67800D5AC72 /* TabBar */,
				A4D3043E2876B63E006DBDA8 /* Utility */,
				A4D304002872962E006DBDA8 /* Assets.xcassets */,
				A4D304022872962E006DBDA8 /* LaunchScreen.storyboard */,
				A4D303F728729629006DBDA8 /* AppDelegate.swift */,
				A4D303F928729629006DBDA8 /* SceneDelegate.swift */,
				A4D304052872962E006DBDA8 /* Info.plist */,
				A4D3042F28758DF5006DBDA8 /* GoogleService-Info.plist */,
			);
			path = RxSwiftAPISample;
			sourceTree = "<group>";
		};
		A4D3040D2872962F006DBDA8 /* RxSwiftAPISampleTests */ = {
			isa = PBXGroup;
			children = (
				A4D3040E2872962F006DBDA8 /* RxSwiftAPISampleTests.swift */,
			);
			path = RxSwiftAPISampleTests;
			sourceTree = "<group>";
		};
		A4D304172872962F006DBDA8 /* RxSwiftAPISampleUITests */ = {
			isa = PBXGroup;
			children = (
				A4D304182872962F006DBDA8 /* RxSwiftAPISampleUITests.swift */,
				A4D3041A2872962F006DBDA8 /* RxSwiftAPISampleUITestsLaunchTests.swift */,
			);
			path = RxSwiftAPISampleUITests;
			sourceTree = "<group>";
		};
		A4D304332876B3DA006DBDA8 /* SignUp */ = {
			isa = PBXGroup;
			children = (
				A41189F92883DA6D00E804B0 /* Model */,
				A41189F72883DA1A00E804B0 /* ViewModel */,
				A41189F82883DA2B00E804B0 /* View */,
			);
			path = SignUp;
			sourceTree = "<group>";
		};
		A4D3043E2876B63E006DBDA8 /* Utility */ = {
			isa = PBXGroup;
			children = (
				A4D3043F2876B6A4006DBDA8 /* Router.swift */,
				A4118A032883DE0D00E804B0 /* ActivityIndicator.swift */,
				A4118A052883DE4700E804B0 /* ErrorDialogEnable.swift */,
				A4118A072883DE7500E804B0 /* ProgressHudEnable.swift */,
				A4118A092883DE9C00E804B0 /* ValidationResult.swift */,
				A4118A352886A54800E804B0 /* UserDefaultsUtility.swift */,
			);
			path = Utility;
			sourceTree = "<group>";
		};
		A4DBD930288DB1C9006E67BD /* Post */ = {
			isa = PBXGroup;
			children = (
				A4DBD93428912179006E67BD /* Model */,
				A4DBD935289121AE006E67BD /* ViewModel */,
				A4DBD936289121C3006E67BD /* View */,
			);
			path = Post;
			sourceTree = "<group>";
		};
		A4DBD931288FF9AD006E67BD /* Model */ = {
			isa = PBXGroup;
			children = (
				A4F1F4452889901D0006441C /* Report.swift */,
				A4F1F447288990430006441C /* ReportListener.swift */,
			);
			path = Model;
			sourceTree = "<group>";
		};
		A4DBD932288FFA79006E67BD /* ViewModel */ = {
			isa = PBXGroup;
			children = (
				A4F1F44B288990BE0006441C /* ReportListViewModel.swift */,
			);
			path = ViewModel;
			sourceTree = "<group>";
		};
		A4DBD933288FFA9D006E67BD /* View */ = {
			isa = PBXGroup;
			children = (
				A4F1F453288992310006441C /* ReportListViewController.swift */,
				A4DBD91C288AA42D006E67BD /* ReportList.storyboard */,
				A4F1F4512889920A0006441C /* ReportListCell.swift */,
				A4DBD927288BCFA6006E67BD /* ReportListCell.xib */,
			);
			path = View;
			sourceTree = "<group>";
		};
		A4DBD93428912179006E67BD /* Model */ = {
			isa = PBXGroup;
			children = (
				A4F1F449288990660006441C /* PostRepository.swift */,
			);
			path = Model;
			sourceTree = "<group>";
		};
		A4DBD935289121AE006E67BD /* ViewModel */ = {
			isa = PBXGroup;
			children = (
				A4F1F44D288991B00006441C /* PostViewModel.swift */,
			);
			path = ViewModel;
			sourceTree = "<group>";
		};
		A4DBD936289121C3006E67BD /* View */ = {
			isa = PBXGroup;
			children = (
				A4DBD92A288D533F006E67BD /* PostViewController.swift */,
				A4DBD92E288D5377006E67BD /* Post.storyboard */,
			);
			path = View;
			sourceTree = "<group>";
		};
/* End PBXGroup section */

/* Begin PBXNativeTarget section */
		A4D303F328729629006DBDA8 /* RxSwiftAPISample */ = {
			isa = PBXNativeTarget;
			buildConfigurationList = A4D3041E2872962F006DBDA8 /* Build configuration list for PBXNativeTarget "RxSwiftAPISample" */;
			buildPhases = (
				A4D303F028729629006DBDA8 /* Sources */,
				A4D303F128729629006DBDA8 /* Frameworks */,
				A4D303F228729629006DBDA8 /* Resources */,
			);
			buildRules = (
			);
			dependencies = (
			);
			name = RxSwiftAPISample;
			packageProductDependencies = (
				A4D304422876F0E6006DBDA8 /* RxCocoa */,
				A4D304442876F0E6006DBDA8 /* RxRelay */,
				A4D3044B28792F26006DBDA8 /* RxOptional */,
				A4118A0C2883E18400E804B0 /* JGProgressHUD */,
				A4118A282885B14100E804B0 /* FirebaseAuth */,
				A4118A2A2885B14100E804B0 /* FirebaseDatabase */,
				A4118A2C2885B14100E804B0 /* FirebaseFirestore */,
				A4118A2F2885B22E00E804B0 /* FirebaseAuthUI */,
				A4118A312885B22E00E804B0 /* FirebaseEmailAuthUI */,
				A45A8FF42897963700B986D2 /* IQKeyboardManagerSwift */,
			);
			productName = RxSwiftAPISample;
			productReference = A4D303F428729629006DBDA8 /* RxSwiftAPISample.app */;
			productType = "com.apple.product-type.application";
		};
		A4D304092872962F006DBDA8 /* RxSwiftAPISampleTests */ = {
			isa = PBXNativeTarget;
			buildConfigurationList = A4D304212872962F006DBDA8 /* Build configuration list for PBXNativeTarget "RxSwiftAPISampleTests" */;
			buildPhases = (
				A4D304062872962F006DBDA8 /* Sources */,
				A4D304072872962F006DBDA8 /* Frameworks */,
				A4D304082872962F006DBDA8 /* Resources */,
			);
			buildRules = (
			);
			dependencies = (
				A4D3040C2872962F006DBDA8 /* PBXTargetDependency */,
			);
			name = RxSwiftAPISampleTests;
			productName = RxSwiftAPISampleTests;
			productReference = A4D3040A2872962F006DBDA8 /* RxSwiftAPISampleTests.xctest */;
			productType = "com.apple.product-type.bundle.unit-test";
		};
		A4D304132872962F006DBDA8 /* RxSwiftAPISampleUITests */ = {
			isa = PBXNativeTarget;
			buildConfigurationList = A4D304242872962F006DBDA8 /* Build configuration list for PBXNativeTarget "RxSwiftAPISampleUITests" */;
			buildPhases = (
				A4D304102872962F006DBDA8 /* Sources */,
				A4D304112872962F006DBDA8 /* Frameworks */,
				A4D304122872962F006DBDA8 /* Resources */,
			);
			buildRules = (
			);
			dependencies = (
				A4D304162872962F006DBDA8 /* PBXTargetDependency */,
			);
			name = RxSwiftAPISampleUITests;
			productName = RxSwiftAPISampleUITests;
			productReference = A4D304142872962F006DBDA8 /* RxSwiftAPISampleUITests.xctest */;
			productType = "com.apple.product-type.bundle.ui-testing";
		};
/* End PBXNativeTarget section */

/* Begin PBXProject section */
		A4D303EC28729629006DBDA8 /* Project object */ = {
			isa = PBXProject;
			attributes = {
				BuildIndependentTargetsInParallel = 1;
				LastSwiftUpdateCheck = 1320;
				LastUpgradeCheck = 1320;
				TargetAttributes = {
					A4D303F328729629006DBDA8 = {
						CreatedOnToolsVersion = 13.2.1;
					};
					A4D304092872962F006DBDA8 = {
						CreatedOnToolsVersion = 13.2.1;
						TestTargetID = A4D303F328729629006DBDA8;
					};
					A4D304132872962F006DBDA8 = {
						CreatedOnToolsVersion = 13.2.1;
						TestTargetID = A4D303F328729629006DBDA8;
					};
				};
			};
			buildConfigurationList = A4D303EF28729629006DBDA8 /* Build configuration list for PBXProject "RxSwiftAPISample" */;
			compatibilityVersion = "Xcode 13.0";
			developmentRegion = en;
			hasScannedForEncodings = 0;
			knownRegions = (
				en,
				Base,
			);
			mainGroup = A4D303EB28729629006DBDA8;
			packageReferences = (
				A4D304412876F0E6006DBDA8 /* XCRemoteSwiftPackageReference "RxSwift" */,
				A4D3044A28792F25006DBDA8 /* XCRemoteSwiftPackageReference "RxOptional" */,
				A4118A0B2883E18400E804B0 /* XCRemoteSwiftPackageReference "JGProgressHUD" */,
				A4118A272885B14100E804B0 /* XCRemoteSwiftPackageReference "firebase-ios-sdk" */,
				A4118A2E2885B22E00E804B0 /* XCRemoteSwiftPackageReference "FirebaseUI-iOS" */,
				A45A8FF32897963700B986D2 /* XCRemoteSwiftPackageReference "IQKeyboardManager" */,
			);
			productRefGroup = A4D303F528729629006DBDA8 /* Products */;
			projectDirPath = "";
			projectRoot = "";
			targets = (
				A4D303F328729629006DBDA8 /* RxSwiftAPISample */,
				A4D304092872962F006DBDA8 /* RxSwiftAPISampleTests */,
				A4D304132872962F006DBDA8 /* RxSwiftAPISampleUITests */,
			);
		};
/* End PBXProject section */

/* Begin PBXResourcesBuildPhase section */
		A4D303F228729629006DBDA8 /* Resources */ = {
			isa = PBXResourcesBuildPhase;
			buildActionMask = 2147483647;
			files = (
				A4C5C9FE2893B0F000D5AC72 /* TabBar.storyboard in Resources */,
				A4118A162885681200E804B0 /* Timer.storyboard in Resources */,
				A4DBD92F288D5377006E67BD /* Post.storyboard in Resources */,
				A4D304042872962E006DBDA8 /* LaunchScreen.storyboard in Resources */,
				A4D3043028758DF5006DBDA8 /* GoogleService-Info.plist in Resources */,
				A4DBD91D288AA42D006E67BD /* ReportList.storyboard in Resources */,
				A4DBD929288BCFA6006E67BD /* ReportListCell.xib in Resources */,
				A4D304012872962E006DBDA8 /* Assets.xcassets in Resources */,
				A4D304392876B491006DBDA8 /* SignUp.storyboard in Resources */,
				A4118A1228855D2400E804B0 /* Base.storyboard in Resources */,
			);
			runOnlyForDeploymentPostprocessing = 0;
		};
		A4D304082872962F006DBDA8 /* Resources */ = {
			isa = PBXResourcesBuildPhase;
			buildActionMask = 2147483647;
			files = (
			);
			runOnlyForDeploymentPostprocessing = 0;
		};
		A4D304122872962F006DBDA8 /* Resources */ = {
			isa = PBXResourcesBuildPhase;
			buildActionMask = 2147483647;
			files = (
			);
			runOnlyForDeploymentPostprocessing = 0;
		};
/* End PBXResourcesBuildPhase section */

/* Begin PBXSourcesBuildPhase section */
		A4D303F028729629006DBDA8 /* Sources */ = {
			isa = PBXSourcesBuildPhase;
			buildActionMask = 2147483647;
			files = (
				A4DBD923288AA70A006E67BD /* TableView+.swift in Sources */,
				A4118A14288567E200E804B0 /* TimerViewController.swift in Sources */,
				A4DBD921288AA6F6006E67BD /* TableViewCell+.swift in Sources */,
				A4D3044928791FAB006DBDA8 /* String+.swift in Sources */,
				A4D3044E2879331D006DBDA8 /* ValidationResult+.swift in Sources */,
				A4118A1028855CFE00E804B0 /* BaseViewController.swift in Sources */,
				A4C5C9FC2893AC8A00D5AC72 /* TabBarController.swift in Sources */,
				A4F1F4522889920A0006441C /* ReportListCell.swift in Sources */,
				A4D303F828729629006DBDA8 /* AppDelegate.swift in Sources */,
				A4F1F454288992310006441C /* ReportListViewController.swift in Sources */,
				A4D304402876B6A4006DBDA8 /* Router.swift in Sources */,
				A4F1F4462889901D0006441C /* Report.swift in Sources */,
				A4F1F44A288990660006441C /* PostRepository.swift in Sources */,
				A41189FB2883DAB600E804B0 /* SignUpValidator.swift in Sources */,
				A4F1F44C288990BE0006441C /* ReportListViewModel.swift in Sources */,
				A41189FD2883DB0B00E804B0 /* SignUpRepository.swift in Sources */,
				A4DBD92C288D533F006E67BD /* PostViewController.swift in Sources */,
				A4118A082883DE7500E804B0 /* ProgressHudEnable.swift in Sources */,
				A4F1F448288990430006441C /* ReportListener.swift in Sources */,
				A4D3043B2876B5DD006DBDA8 /* SignUpViewModel.swift in Sources */,
				A4118A022883DD2A00E804B0 /* CurrentUser.swift in Sources */,
				A4118A342886A3AE00E804B0 /* TimerState.swift in Sources */,
				A4F1F44E288991B00006441C /* PostViewModel.swift in Sources */,
				A4D303FA28729629006DBDA8 /* SceneDelegate.swift in Sources */,
				A4118A362886A54800E804B0 /* UserDefaultsUtility.swift in Sources */,
				A4DBD91F288AA6B8006E67BD /* NSObject+.swift in Sources */,
				A4118A042883DE0D00E804B0 /* ActivityIndicator.swift in Sources */,
				A4118A062883DE4700E804B0 /* ErrorDialogEnable.swift in Sources */,
				A44B7D3928978F9F0014AAA4 /* UIView+.swift in Sources */,
				A4118A0A2883DE9C00E804B0 /* ValidationResult.swift in Sources */,
				A4D304372876B47E006DBDA8 /* SignUpViewController.swift in Sources */,
			);
			runOnlyForDeploymentPostprocessing = 0;
		};
		A4D304062872962F006DBDA8 /* Sources */ = {
			isa = PBXSourcesBuildPhase;
			buildActionMask = 2147483647;
			files = (
				A4D3040F2872962F006DBDA8 /* RxSwiftAPISampleTests.swift in Sources */,
			);
			runOnlyForDeploymentPostprocessing = 0;
		};
		A4D304102872962F006DBDA8 /* Sources */ = {
			isa = PBXSourcesBuildPhase;
			buildActionMask = 2147483647;
			files = (
				A4D304192872962F006DBDA8 /* RxSwiftAPISampleUITests.swift in Sources */,
				A4D3041B2872962F006DBDA8 /* RxSwiftAPISampleUITestsLaunchTests.swift in Sources */,
			);
			runOnlyForDeploymentPostprocessing = 0;
		};
/* End PBXSourcesBuildPhase section */

/* Begin PBXTargetDependency section */
		A4D3040C2872962F006DBDA8 /* PBXTargetDependency */ = {
			isa = PBXTargetDependency;
			target = A4D303F328729629006DBDA8 /* RxSwiftAPISample */;
			targetProxy = A4D3040B2872962F006DBDA8 /* PBXContainerItemProxy */;
		};
		A4D304162872962F006DBDA8 /* PBXTargetDependency */ = {
			isa = PBXTargetDependency;
			target = A4D303F328729629006DBDA8 /* RxSwiftAPISample */;
			targetProxy = A4D304152872962F006DBDA8 /* PBXContainerItemProxy */;
		};
/* End PBXTargetDependency section */

/* Begin PBXVariantGroup section */
		A4D304022872962E006DBDA8 /* LaunchScreen.storyboard */ = {
			isa = PBXVariantGroup;
			children = (
				A4D304032872962E006DBDA8 /* Base */,
			);
			name = LaunchScreen.storyboard;
			sourceTree = "<group>";
		};
/* End PBXVariantGroup section */

/* Begin XCBuildConfiguration section */
		A4D3041C2872962F006DBDA8 /* Debug */ = {
			isa = XCBuildConfiguration;
			buildSettings = {
				ALWAYS_SEARCH_USER_PATHS = NO;
				CLANG_ANALYZER_NONNULL = YES;
				CLANG_ANALYZER_NUMBER_OBJECT_CONVERSION = YES_AGGRESSIVE;
				CLANG_CXX_LANGUAGE_STANDARD = "gnu++17";
				CLANG_CXX_LIBRARY = "libc++";
				CLANG_ENABLE_MODULES = YES;
				CLANG_ENABLE_OBJC_ARC = YES;
				CLANG_ENABLE_OBJC_WEAK = YES;
				CLANG_WARN_BLOCK_CAPTURE_AUTORELEASING = YES;
				CLANG_WARN_BOOL_CONVERSION = YES;
				CLANG_WARN_COMMA = YES;
				CLANG_WARN_CONSTANT_CONVERSION = YES;
				CLANG_WARN_DEPRECATED_OBJC_IMPLEMENTATIONS = YES;
				CLANG_WARN_DIRECT_OBJC_ISA_USAGE = YES_ERROR;
				CLANG_WARN_DOCUMENTATION_COMMENTS = YES;
				CLANG_WARN_EMPTY_BODY = YES;
				CLANG_WARN_ENUM_CONVERSION = YES;
				CLANG_WARN_INFINITE_RECURSION = YES;
				CLANG_WARN_INT_CONVERSION = YES;
				CLANG_WARN_NON_LITERAL_NULL_CONVERSION = YES;
				CLANG_WARN_OBJC_IMPLICIT_RETAIN_SELF = YES;
				CLANG_WARN_OBJC_LITERAL_CONVERSION = YES;
				CLANG_WARN_OBJC_ROOT_CLASS = YES_ERROR;
				CLANG_WARN_QUOTED_INCLUDE_IN_FRAMEWORK_HEADER = YES;
				CLANG_WARN_RANGE_LOOP_ANALYSIS = YES;
				CLANG_WARN_STRICT_PROTOTYPES = YES;
				CLANG_WARN_SUSPICIOUS_MOVE = YES;
				CLANG_WARN_UNGUARDED_AVAILABILITY = YES_AGGRESSIVE;
				CLANG_WARN_UNREACHABLE_CODE = YES;
				CLANG_WARN__DUPLICATE_METHOD_MATCH = YES;
				COPY_PHASE_STRIP = NO;
				DEBUG_INFORMATION_FORMAT = dwarf;
				ENABLE_STRICT_OBJC_MSGSEND = YES;
				ENABLE_TESTABILITY = YES;
				GCC_C_LANGUAGE_STANDARD = gnu11;
				GCC_DYNAMIC_NO_PIC = NO;
				GCC_NO_COMMON_BLOCKS = YES;
				GCC_OPTIMIZATION_LEVEL = 0;
				GCC_PREPROCESSOR_DEFINITIONS = (
					"DEBUG=1",
					"$(inherited)",
				);
				GCC_WARN_64_TO_32_BIT_CONVERSION = YES;
				GCC_WARN_ABOUT_RETURN_TYPE = YES_ERROR;
				GCC_WARN_UNDECLARED_SELECTOR = YES;
				GCC_WARN_UNINITIALIZED_AUTOS = YES_AGGRESSIVE;
				GCC_WARN_UNUSED_FUNCTION = YES;
				GCC_WARN_UNUSED_VARIABLE = YES;
				IPHONEOS_DEPLOYMENT_TARGET = 15.4;
				MTL_ENABLE_DEBUG_INFO = INCLUDE_SOURCE;
				MTL_FAST_MATH = YES;
				ONLY_ACTIVE_ARCH = YES;
				SDKROOT = iphoneos;
				SWIFT_ACTIVE_COMPILATION_CONDITIONS = DEBUG;
				SWIFT_OPTIMIZATION_LEVEL = "-Onone";
			};
			name = Debug;
		};
		A4D3041D2872962F006DBDA8 /* Release */ = {
			isa = XCBuildConfiguration;
			buildSettings = {
				ALWAYS_SEARCH_USER_PATHS = NO;
				CLANG_ANALYZER_NONNULL = YES;
				CLANG_ANALYZER_NUMBER_OBJECT_CONVERSION = YES_AGGRESSIVE;
				CLANG_CXX_LANGUAGE_STANDARD = "gnu++17";
				CLANG_CXX_LIBRARY = "libc++";
				CLANG_ENABLE_MODULES = YES;
				CLANG_ENABLE_OBJC_ARC = YES;
				CLANG_ENABLE_OBJC_WEAK = YES;
				CLANG_WARN_BLOCK_CAPTURE_AUTORELEASING = YES;
				CLANG_WARN_BOOL_CONVERSION = YES;
				CLANG_WARN_COMMA = YES;
				CLANG_WARN_CONSTANT_CONVERSION = YES;
				CLANG_WARN_DEPRECATED_OBJC_IMPLEMENTATIONS = YES;
				CLANG_WARN_DIRECT_OBJC_ISA_USAGE = YES_ERROR;
				CLANG_WARN_DOCUMENTATION_COMMENTS = YES;
				CLANG_WARN_EMPTY_BODY = YES;
				CLANG_WARN_ENUM_CONVERSION = YES;
				CLANG_WARN_INFINITE_RECURSION = YES;
				CLANG_WARN_INT_CONVERSION = YES;
				CLANG_WARN_NON_LITERAL_NULL_CONVERSION = YES;
				CLANG_WARN_OBJC_IMPLICIT_RETAIN_SELF = YES;
				CLANG_WARN_OBJC_LITERAL_CONVERSION = YES;
				CLANG_WARN_OBJC_ROOT_CLASS = YES_ERROR;
				CLANG_WARN_QUOTED_INCLUDE_IN_FRAMEWORK_HEADER = YES;
				CLANG_WARN_RANGE_LOOP_ANALYSIS = YES;
				CLANG_WARN_STRICT_PROTOTYPES = YES;
				CLANG_WARN_SUSPICIOUS_MOVE = YES;
				CLANG_WARN_UNGUARDED_AVAILABILITY = YES_AGGRESSIVE;
				CLANG_WARN_UNREACHABLE_CODE = YES;
				CLANG_WARN__DUPLICATE_METHOD_MATCH = YES;
				COPY_PHASE_STRIP = NO;
				DEBUG_INFORMATION_FORMAT = "dwarf-with-dsym";
				ENABLE_NS_ASSERTIONS = NO;
				ENABLE_STRICT_OBJC_MSGSEND = YES;
				GCC_C_LANGUAGE_STANDARD = gnu11;
				GCC_NO_COMMON_BLOCKS = YES;
				GCC_WARN_64_TO_32_BIT_CONVERSION = YES;
				GCC_WARN_ABOUT_RETURN_TYPE = YES_ERROR;
				GCC_WARN_UNDECLARED_SELECTOR = YES;
				GCC_WARN_UNINITIALIZED_AUTOS = YES_AGGRESSIVE;
				GCC_WARN_UNUSED_FUNCTION = YES;
				GCC_WARN_UNUSED_VARIABLE = YES;
				IPHONEOS_DEPLOYMENT_TARGET = 15.4;
				MTL_ENABLE_DEBUG_INFO = NO;
				MTL_FAST_MATH = YES;
				SDKROOT = iphoneos;
				SWIFT_COMPILATION_MODE = wholemodule;
				SWIFT_OPTIMIZATION_LEVEL = "-O";
				VALIDATE_PRODUCT = YES;
			};
			name = Release;
		};
		A4D3041F2872962F006DBDA8 /* Debug */ = {
			isa = XCBuildConfiguration;
			buildSettings = {
				ASSETCATALOG_COMPILER_APPICON_NAME = AppIcon;
				ASSETCATALOG_COMPILER_GLOBAL_ACCENT_COLOR_NAME = AccentColor;
				CODE_SIGN_STYLE = Automatic;
				CURRENT_PROJECT_VERSION = 1;
				DEVELOPMENT_TEAM = 8HSC6WJMH6;
				GENERATE_INFOPLIST_FILE = YES;
				INFOPLIST_FILE = RxSwiftAPISample/Info.plist;
				INFOPLIST_KEY_UIApplicationSupportsIndirectInputEvents = YES;
				INFOPLIST_KEY_UILaunchStoryboardName = LaunchScreen;
				INFOPLIST_KEY_UIMainStoryboardFile = TabBar;
				INFOPLIST_KEY_UISupportedInterfaceOrientations_iPad = "UIInterfaceOrientationPortrait UIInterfaceOrientationPortraitUpsideDown UIInterfaceOrientationLandscapeLeft UIInterfaceOrientationLandscapeRight";
				INFOPLIST_KEY_UISupportedInterfaceOrientations_iPhone = "UIInterfaceOrientationPortrait UIInterfaceOrientationLandscapeLeft UIInterfaceOrientationLandscapeRight";
				LD_RUNPATH_SEARCH_PATHS = (
					"$(inherited)",
					"@executable_path/Frameworks",
				);
				MARKETING_VERSION = 1.0;
				PRODUCT_BUNDLE_IDENTIFIER = jp.techacademy.kazuma.miura2.RxSwiftAPISample;
				PRODUCT_NAME = "$(TARGET_NAME)";
				SWIFT_EMIT_LOC_STRINGS = YES;
				SWIFT_VERSION = 5.0;
				TARGETED_DEVICE_FAMILY = "1,2";
			};
			name = Debug;
		};
		A4D304202872962F006DBDA8 /* Release */ = {
			isa = XCBuildConfiguration;
			buildSettings = {
				ASSETCATALOG_COMPILER_APPICON_NAME = AppIcon;
				ASSETCATALOG_COMPILER_GLOBAL_ACCENT_COLOR_NAME = AccentColor;
				CODE_SIGN_STYLE = Automatic;
				CURRENT_PROJECT_VERSION = 1;
				DEVELOPMENT_TEAM = 8HSC6WJMH6;
				GENERATE_INFOPLIST_FILE = YES;
				INFOPLIST_FILE = RxSwiftAPISample/Info.plist;
				INFOPLIST_KEY_UIApplicationSupportsIndirectInputEvents = YES;
				INFOPLIST_KEY_UILaunchStoryboardName = LaunchScreen;
				INFOPLIST_KEY_UIMainStoryboardFile = TabBar;
				INFOPLIST_KEY_UISupportedInterfaceOrientations_iPad = "UIInterfaceOrientationPortrait UIInterfaceOrientationPortraitUpsideDown UIInterfaceOrientationLandscapeLeft UIInterfaceOrientationLandscapeRight";
				INFOPLIST_KEY_UISupportedInterfaceOrientations_iPhone = "UIInterfaceOrientationPortrait UIInterfaceOrientationLandscapeLeft UIInterfaceOrientationLandscapeRight";
				LD_RUNPATH_SEARCH_PATHS = (
					"$(inherited)",
					"@executable_path/Frameworks",
				);
				MARKETING_VERSION = 1.0;
				PRODUCT_BUNDLE_IDENTIFIER = jp.techacademy.kazuma.miura2.RxSwiftAPISample;
				PRODUCT_NAME = "$(TARGET_NAME)";
				SWIFT_EMIT_LOC_STRINGS = YES;
				SWIFT_VERSION = 5.0;
				TARGETED_DEVICE_FAMILY = "1,2";
			};
			name = Release;
		};
		A4D304222872962F006DBDA8 /* Debug */ = {
			isa = XCBuildConfiguration;
			buildSettings = {
				ALWAYS_EMBED_SWIFT_STANDARD_LIBRARIES = YES;
				BUNDLE_LOADER = "$(TEST_HOST)";
				CODE_SIGN_STYLE = Automatic;
				CURRENT_PROJECT_VERSION = 1;
				DEVELOPMENT_TEAM = 8HSC6WJMH6;
				GENERATE_INFOPLIST_FILE = YES;
				IPHONEOS_DEPLOYMENT_TARGET = 15.2;
				MARKETING_VERSION = 1.0;
				PRODUCT_BUNDLE_IDENTIFIER = jp.techacademy.kazuma.miura2.RxSwiftAPISampleTests;
				PRODUCT_NAME = "$(TARGET_NAME)";
				SWIFT_EMIT_LOC_STRINGS = NO;
				SWIFT_VERSION = 5.0;
				TARGETED_DEVICE_FAMILY = "1,2";
				TEST_HOST = "$(BUILT_PRODUCTS_DIR)/RxSwiftAPISample.app/RxSwiftAPISample";
			};
			name = Debug;
		};
		A4D304232872962F006DBDA8 /* Release */ = {
			isa = XCBuildConfiguration;
			buildSettings = {
				ALWAYS_EMBED_SWIFT_STANDARD_LIBRARIES = YES;
				BUNDLE_LOADER = "$(TEST_HOST)";
				CODE_SIGN_STYLE = Automatic;
				CURRENT_PROJECT_VERSION = 1;
				DEVELOPMENT_TEAM = 8HSC6WJMH6;
				GENERATE_INFOPLIST_FILE = YES;
				IPHONEOS_DEPLOYMENT_TARGET = 15.2;
				MARKETING_VERSION = 1.0;
				PRODUCT_BUNDLE_IDENTIFIER = jp.techacademy.kazuma.miura2.RxSwiftAPISampleTests;
				PRODUCT_NAME = "$(TARGET_NAME)";
				SWIFT_EMIT_LOC_STRINGS = NO;
				SWIFT_VERSION = 5.0;
				TARGETED_DEVICE_FAMILY = "1,2";
				TEST_HOST = "$(BUILT_PRODUCTS_DIR)/RxSwiftAPISample.app/RxSwiftAPISample";
			};
			name = Release;
		};
		A4D304252872962F006DBDA8 /* Debug */ = {
			isa = XCBuildConfiguration;
			buildSettings = {
				ALWAYS_EMBED_SWIFT_STANDARD_LIBRARIES = YES;
				CODE_SIGN_STYLE = Automatic;
				CURRENT_PROJECT_VERSION = 1;
				DEVELOPMENT_TEAM = 8HSC6WJMH6;
				GENERATE_INFOPLIST_FILE = YES;
				MARKETING_VERSION = 1.0;
				PRODUCT_BUNDLE_IDENTIFIER = jp.techacademy.kazuma.miura2.RxSwiftAPISampleUITests;
				PRODUCT_NAME = "$(TARGET_NAME)";
				SWIFT_EMIT_LOC_STRINGS = NO;
				SWIFT_VERSION = 5.0;
				TARGETED_DEVICE_FAMILY = "1,2";
				TEST_TARGET_NAME = RxSwiftAPISample;
			};
			name = Debug;
		};
		A4D304262872962F006DBDA8 /* Release */ = {
			isa = XCBuildConfiguration;
			buildSettings = {
				ALWAYS_EMBED_SWIFT_STANDARD_LIBRARIES = YES;
				CODE_SIGN_STYLE = Automatic;
				CURRENT_PROJECT_VERSION = 1;
				DEVELOPMENT_TEAM = 8HSC6WJMH6;
				GENERATE_INFOPLIST_FILE = YES;
				MARKETING_VERSION = 1.0;
				PRODUCT_BUNDLE_IDENTIFIER = jp.techacademy.kazuma.miura2.RxSwiftAPISampleUITests;
				PRODUCT_NAME = "$(TARGET_NAME)";
				SWIFT_EMIT_LOC_STRINGS = NO;
				SWIFT_VERSION = 5.0;
				TARGETED_DEVICE_FAMILY = "1,2";
				TEST_TARGET_NAME = RxSwiftAPISample;
			};
			name = Release;
		};
/* End XCBuildConfiguration section */

/* Begin XCConfigurationList section */
		A4D303EF28729629006DBDA8 /* Build configuration list for PBXProject "RxSwiftAPISample" */ = {
			isa = XCConfigurationList;
			buildConfigurations = (
				A4D3041C2872962F006DBDA8 /* Debug */,
				A4D3041D2872962F006DBDA8 /* Release */,
			);
			defaultConfigurationIsVisible = 0;
			defaultConfigurationName = Release;
		};
		A4D3041E2872962F006DBDA8 /* Build configuration list for PBXNativeTarget "RxSwiftAPISample" */ = {
			isa = XCConfigurationList;
			buildConfigurations = (
				A4D3041F2872962F006DBDA8 /* Debug */,
				A4D304202872962F006DBDA8 /* Release */,
			);
			defaultConfigurationIsVisible = 0;
			defaultConfigurationName = Release;
		};
		A4D304212872962F006DBDA8 /* Build configuration list for PBXNativeTarget "RxSwiftAPISampleTests" */ = {
			isa = XCConfigurationList;
			buildConfigurations = (
				A4D304222872962F006DBDA8 /* Debug */,
				A4D304232872962F006DBDA8 /* Release */,
			);
			defaultConfigurationIsVisible = 0;
			defaultConfigurationName = Release;
		};
		A4D304242872962F006DBDA8 /* Build configuration list for PBXNativeTarget "RxSwiftAPISampleUITests" */ = {
			isa = XCConfigurationList;
			buildConfigurations = (
				A4D304252872962F006DBDA8 /* Debug */,
				A4D304262872962F006DBDA8 /* Release */,
			);
			defaultConfigurationIsVisible = 0;
			defaultConfigurationName = Release;
		};
/* End XCConfigurationList section */

/* Begin XCRemoteSwiftPackageReference section */
		A4118A0B2883E18400E804B0 /* XCRemoteSwiftPackageReference "JGProgressHUD" */ = {
			isa = XCRemoteSwiftPackageReference;
			repositoryURL = "https://github.com/JonasGessner/JGProgressHUD.git";
			requirement = {
				branch = master;
				kind = branch;
			};
		};
		A4118A272885B14100E804B0 /* XCRemoteSwiftPackageReference "firebase-ios-sdk" */ = {
			isa = XCRemoteSwiftPackageReference;
			repositoryURL = "https://github.com/firebase/firebase-ios-sdk";
			requirement = {
				kind = upToNextMajorVersion;
				minimumVersion = 9.0.0;
			};
		};
		A4118A2E2885B22E00E804B0 /* XCRemoteSwiftPackageReference "FirebaseUI-iOS" */ = {
			isa = XCRemoteSwiftPackageReference;
			repositoryURL = "https://github.com/firebase/FirebaseUI-iOS.git";
			requirement = {
				branch = master;
				kind = branch;
			};
		};
		A45A8FF32897963700B986D2 /* XCRemoteSwiftPackageReference "IQKeyboardManager" */ = {
			isa = XCRemoteSwiftPackageReference;
			repositoryURL = "https://github.com/hackiftekhar/IQKeyboardManager.git";
			requirement = {
				branch = master;
				kind = branch;
			};
		};
		A4D304412876F0E6006DBDA8 /* XCRemoteSwiftPackageReference "RxSwift" */ = {
			isa = XCRemoteSwiftPackageReference;
			repositoryURL = "git@github.com:ReactiveX/RxSwift.git";
			requirement = {
				branch = main;
				kind = branch;
			};
		};
		A4D3044A28792F25006DBDA8 /* XCRemoteSwiftPackageReference "RxOptional" */ = {
			isa = XCRemoteSwiftPackageReference;
			repositoryURL = "https://github.com/RxSwiftCommunity/RxOptional";
			requirement = {
				branch = main;
				kind = branch;
			};
		};
/* End XCRemoteSwiftPackageReference section */

/* Begin XCSwiftPackageProductDependency section */
		A4118A0C2883E18400E804B0 /* JGProgressHUD */ = {
			isa = XCSwiftPackageProductDependency;
			package = A4118A0B2883E18400E804B0 /* XCRemoteSwiftPackageReference "JGProgressHUD" */;
			productName = JGProgressHUD;
		};
		A4118A282885B14100E804B0 /* FirebaseAuth */ = {
			isa = XCSwiftPackageProductDependency;
			package = A4118A272885B14100E804B0 /* XCRemoteSwiftPackageReference "firebase-ios-sdk" */;
			productName = FirebaseAuth;
		};
		A4118A2A2885B14100E804B0 /* FirebaseDatabase */ = {
			isa = XCSwiftPackageProductDependency;
			package = A4118A272885B14100E804B0 /* XCRemoteSwiftPackageReference "firebase-ios-sdk" */;
			productName = FirebaseDatabase;
		};
		A4118A2C2885B14100E804B0 /* FirebaseFirestore */ = {
			isa = XCSwiftPackageProductDependency;
			package = A4118A272885B14100E804B0 /* XCRemoteSwiftPackageReference "firebase-ios-sdk" */;
			productName = FirebaseFirestore;
		};
		A4118A2F2885B22E00E804B0 /* FirebaseAuthUI */ = {
			isa = XCSwiftPackageProductDependency;
			package = A4118A2E2885B22E00E804B0 /* XCRemoteSwiftPackageReference "FirebaseUI-iOS" */;
			productName = FirebaseAuthUI;
		};
		A4118A312885B22E00E804B0 /* FirebaseEmailAuthUI */ = {
			isa = XCSwiftPackageProductDependency;
			package = A4118A2E2885B22E00E804B0 /* XCRemoteSwiftPackageReference "FirebaseUI-iOS" */;
			productName = FirebaseEmailAuthUI;
		};
		A45A8FF42897963700B986D2 /* IQKeyboardManagerSwift */ = {
			isa = XCSwiftPackageProductDependency;
			package = A45A8FF32897963700B986D2 /* XCRemoteSwiftPackageReference "IQKeyboardManager" */;
			productName = IQKeyboardManagerSwift;
		};
		A4D304422876F0E6006DBDA8 /* RxCocoa */ = {
			isa = XCSwiftPackageProductDependency;
			package = A4D304412876F0E6006DBDA8 /* XCRemoteSwiftPackageReference "RxSwift" */;
			productName = RxCocoa;
		};
		A4D304442876F0E6006DBDA8 /* RxRelay */ = {
			isa = XCSwiftPackageProductDependency;
			package = A4D304412876F0E6006DBDA8 /* XCRemoteSwiftPackageReference "RxSwift" */;
			productName = RxRelay;
		};
		A4D3044B28792F26006DBDA8 /* RxOptional */ = {
			isa = XCSwiftPackageProductDependency;
			package = A4D3044A28792F25006DBDA8 /* XCRemoteSwiftPackageReference "RxOptional" */;
			productName = RxOptional;
		};
/* End XCSwiftPackageProductDependency section */
	};
	rootObject = A4D303EC28729629006DBDA8 /* Project object */;
}
